// !$*UTF8*$!
{
	archiveVersion = 1;
	classes = {
	};
	objectVersion = 50;
	objects = {

/* Begin PBXBuildFile section */
		8131B5C721758D040005F952 /* AppDelegate.m in Sources */ = {isa = PBXBuildFile; fileRef = 8131B5C621758D040005F952 /* AppDelegate.m */; };
		8131B5CA21758D040005F952 /* ViewController.m in Sources */ = {isa = PBXBuildFile; fileRef = 8131B5C921758D040005F952 /* ViewController.m */; };
		8131B5CD21758D040005F952 /* Main.storyboard in Resources */ = {isa = PBXBuildFile; fileRef = 8131B5CB21758D040005F952 /* Main.storyboard */; };
		8131B5CF21758D060005F952 /* Assets.xcassets in Resources */ = {isa = PBXBuildFile; fileRef = 8131B5CE21758D060005F952 /* Assets.xcassets */; };
		8131B5D221758D060005F952 /* LaunchScreen.storyboard in Resources */ = {isa = PBXBuildFile; fileRef = 8131B5D021758D060005F952 /* LaunchScreen.storyboard */; };
		8131B5D521758D060005F952 /* main.m in Sources */ = {isa = PBXBuildFile; fileRef = 8131B5D421758D060005F952 /* main.m */; };
		8131B5DD2175923F0005F952 /* Wall.m in Sources */ = {isa = PBXBuildFile; fileRef = 8131B5DC2175923F0005F952 /* Wall.m */; };
		8131B5E3217595860005F952 /* Window.m in Sources */ = {isa = PBXBuildFile; fileRef = 8131B5E2217595860005F952 /* Window.m */; };
		8131B5E6217595920005F952 /* Door.m in Sources */ = {isa = PBXBuildFile; fileRef = 8131B5E5217595920005F952 /* Door.m */; };
		8131B5E92175DBE20005F952 /* CanvasView.m in Sources */ = {isa = PBXBuildFile; fileRef = 8131B5E82175DBE20005F952 /* CanvasView.m */; };
		8131B5EC2176E2C60005F952 /* MathUtil.m in Sources */ = {isa = PBXBuildFile; fileRef = 8131B5EB2176E2C60005F952 /* MathUtil.m */; };
/* End PBXBuildFile section */

/* Begin PBXFileReference section */
		8131B5C221758D040005F952 /* 2DFloorPlan.app */ = {isa = PBXFileReference; explicitFileType = wrapper.application; includeInIndex = 0; path = 2DFloorPlan.app; sourceTree = BUILT_PRODUCTS_DIR; };
		8131B5C521758D040005F952 /* AppDelegate.h */ = {isa = PBXFileReference; lastKnownFileType = sourcecode.c.h; path = AppDelegate.h; sourceTree = "<group>"; };
		8131B5C621758D040005F952 /* AppDelegate.m */ = {isa = PBXFileReference; lastKnownFileType = sourcecode.c.objc; path = AppDelegate.m; sourceTree = "<group>"; };
		8131B5C821758D040005F952 /* ViewController.h */ = {isa = PBXFileReference; lastKnownFileType = sourcecode.c.h; path = ViewController.h; sourceTree = "<group>"; };
		8131B5C921758D040005F952 /* ViewController.m */ = {isa = PBXFileReference; lastKnownFileType = sourcecode.c.objc; path = ViewController.m; sourceTree = "<group>"; };
		8131B5CC21758D040005F952 /* Base */ = {isa = PBXFileReference; lastKnownFileType = file.storyboard; name = Base; path = Base.lproj/Main.storyboard; sourceTree = "<group>"; };
		8131B5CE21758D060005F952 /* Assets.xcassets */ = {isa = PBXFileReference; lastKnownFileType = folder.assetcatalog; path = Assets.xcassets; sourceTree = "<group>"; };
		8131B5D121758D060005F952 /* Base */ = {isa = PBXFileReference; lastKnownFileType = file.storyboard; name = Base; path = Base.lproj/LaunchScreen.storyboard; sourceTree = "<group>"; };
		8131B5D321758D060005F952 /* Info.plist */ = {isa = PBXFileReference; lastKnownFileType = text.plist.xml; path = Info.plist; sourceTree = "<group>"; };
		8131B5D421758D060005F952 /* main.m */ = {isa = PBXFileReference; lastKnownFileType = sourcecode.c.objc; path = main.m; sourceTree = "<group>"; };
		8131B5DB2175923F0005F952 /* Wall.h */ = {isa = PBXFileReference; lastKnownFileType = sourcecode.c.h; path = Wall.h; sourceTree = "<group>"; };
		8131B5DC2175923F0005F952 /* Wall.m */ = {isa = PBXFileReference; lastKnownFileType = sourcecode.c.objc; path = Wall.m; sourceTree = "<group>"; };
		8131B5E1217595860005F952 /* Window.h */ = {isa = PBXFileReference; lastKnownFileType = sourcecode.c.h; path = Window.h; sourceTree = "<group>"; };
		8131B5E2217595860005F952 /* Window.m */ = {isa = PBXFileReference; lastKnownFileType = sourcecode.c.objc; path = Window.m; sourceTree = "<group>"; };
		8131B5E4217595920005F952 /* Door.h */ = {isa = PBXFileReference; lastKnownFileType = sourcecode.c.h; path = Door.h; sourceTree = "<group>"; };
		8131B5E5217595920005F952 /* Door.m */ = {isa = PBXFileReference; lastKnownFileType = sourcecode.c.objc; path = Door.m; sourceTree = "<group>"; };
		8131B5E72175DBE20005F952 /* CanvasView.h */ = {isa = PBXFileReference; lastKnownFileType = sourcecode.c.h; path = CanvasView.h; sourceTree = "<group>"; };
		8131B5E82175DBE20005F952 /* CanvasView.m */ = {isa = PBXFileReference; lastKnownFileType = sourcecode.c.objc; path = CanvasView.m; sourceTree = "<group>"; };
		8131B5EA2176E2C50005F952 /* MathUtil.h */ = {isa = PBXFileReference; lastKnownFileType = sourcecode.c.h; path = MathUtil.h; sourceTree = "<group>"; };
		8131B5EB2176E2C60005F952 /* MathUtil.m */ = {isa = PBXFileReference; lastKnownFileType = sourcecode.c.objc; path = MathUtil.m; sourceTree = "<group>"; };
/* End PBXFileReference section */

/* Begin PBXFrameworksBuildPhase section */
		8131B5BF21758D040005F952 /* Frameworks */ = {
			isa = PBXFrameworksBuildPhase;
			buildActionMask = 2147483647;
			files = (
			);
			runOnlyForDeploymentPostprocessing = 0;
		};
/* End PBXFrameworksBuildPhase section */

/* Begin PBXGroup section */
		8131B5B921758D040005F952 = {
			isa = PBXGroup;
			children = (
				8131B5C421758D040005F952 /* 2DFloorPlan */,
				8131B5C321758D040005F952 /* Products */,
			);
			sourceTree = "<group>";
		};
		8131B5C321758D040005F952 /* Products */ = {
			isa = PBXGroup;
			children = (
				8131B5C221758D040005F952 /* 2DFloorPlan.app */,
			);
			name = Products;
			sourceTree = "<group>";
		};
		8131B5C421758D040005F952 /* 2DFloorPlan */ = {
			isa = PBXGroup;
			children = (
				8131B5C521758D040005F952 /* AppDelegate.h */,
				8131B5C621758D040005F952 /* AppDelegate.m */,
				8131B5C821758D040005F952 /* ViewController.h */,
				8131B5C921758D040005F952 /* ViewController.m */,
				8131B5CB21758D040005F952 /* Main.storyboard */,
				8131B5CE21758D060005F952 /* Assets.xcassets */,
				8131B5D021758D060005F952 /* LaunchScreen.storyboard */,
				8131B5D321758D060005F952 /* Info.plist */,
				8131B5D421758D060005F952 /* main.m */,
				8131B5DB2175923F0005F952 /* Wall.h */,
				8131B5DC2175923F0005F952 /* Wall.m */,
				8131B5E1217595860005F952 /* Window.h */,
				8131B5E2217595860005F952 /* Window.m */,
				8131B5E4217595920005F952 /* Door.h */,
				8131B5E5217595920005F952 /* Door.m */,
				8131B5E72175DBE20005F952 /* CanvasView.h */,
				8131B5E82175DBE20005F952 /* CanvasView.m */,
				8131B5EA2176E2C50005F952 /* MathUtil.h */,
				8131B5EB2176E2C60005F952 /* MathUtil.m */,
			);
			path = 2DFloorPlan;
			sourceTree = "<group>";
		};
/* End PBXGroup section */

/* Begin PBXNativeTarget section */
		8131B5C121758D040005F952 /* 2DFloorPlan */ = {
			isa = PBXNativeTarget;
			buildConfigurationList = 8131B5D821758D060005F952 /* Build configuration list for PBXNativeTarget "2DFloorPlan" */;
			buildPhases = (
				8131B5BE21758D040005F952 /* Sources */,
				8131B5BF21758D040005F952 /* Frameworks */,
				8131B5C021758D040005F952 /* Resources */,
			);
			buildRules = (
			);
			dependencies = (
			);
			name = 2DFloorPlan;
			productName = 2DFloorPlan;
			productReference = 8131B5C221758D040005F952 /* 2DFloorPlan.app */;
			productType = "com.apple.product-type.application";
		};
/* End PBXNativeTarget section */

/* Begin PBXProject section */
		8131B5BA21758D040005F952 /* Project object */ = {
			isa = PBXProject;
			attributes = {
				LastUpgradeCheck = 1000;
				ORGANIZATIONNAME = "黄乘风";
				TargetAttributes = {
					8131B5C121758D040005F952 = {
						CreatedOnToolsVersion = 10.0;
					};
				};
			};
			buildConfigurationList = 8131B5BD21758D040005F952 /* Build configuration list for PBXProject "2DFloorPlan" */;
			compatibilityVersion = "Xcode 9.3";
			developmentRegion = en;
			hasScannedForEncodings = 0;
			knownRegions = (
				en,
				Base,
			);
			mainGroup = 8131B5B921758D040005F952;
			productRefGroup = 8131B5C321758D040005F952 /* Products */;
			projectDirPath = "";
			projectRoot = "";
			targets = (
				8131B5C121758D040005F952 /* 2DFloorPlan */,
			);
		};
/* End PBXProject section */

/* Begin PBXResourcesBuildPhase section */
		8131B5C021758D040005F952 /* Resources */ = {
			isa = PBXResourcesBuildPhase;
			buildActionMask = 2147483647;
			files = (
				8131B5D221758D060005F952 /* LaunchScreen.storyboard in Resources */,
				8131B5CF21758D060005F952 /* Assets.xcassets in Resources */,
				8131B5CD21758D040005F952 /* Main.storyboard in Resources */,
			);
			runOnlyForDeploymentPostprocessing = 0;
		};
/* End PBXResourcesBuildPhase section */

/* Begin PBXSourcesBuildPhase section */
		8131B5BE21758D040005F952 /* Sources */ = {
			isa = PBXSourcesBuildPhase;
			buildActionMask = 2147483647;
			files = (
				8131B5CA21758D040005F952 /* ViewController.m in Sources */,
				8131B5DD2175923F0005F952 /* Wall.m in Sources */,
				8131B5D521758D060005F952 /* main.m in Sources */,
				8131B5C721758D040005F952 /* AppDelegate.m in Sources */,
				8131B5E92175DBE20005F952 /* CanvasView.m in Sources */,
				8131B5EC2176E2C60005F952 /* MathUtil.m in Sources */,
				8131B5E3217595860005F952 /* Window.m in Sources */,
				8131B5E6217595920005F952 /* Door.m in Sources */,
			);
			runOnlyForDeploymentPostprocessing = 0;
		};
/* End PBXSourcesBuildPhase section */

/* Begin PBXVariantGroup section */
		8131B5CB21758D040005F952 /* Main.storyboard */ = {
			isa = PBXVariantGroup;
			children = (
				8131B5CC21758D040005F952 /* Base */,
			);
			name = Main.storyboard;
			sourceTree = "<group>";
		};
		8131B5D021758D060005F952 /* LaunchScreen.storyboard */ = {
			isa = PBXVariantGroup;
			children = (
				8131B5D121758D060005F952 /* Base */,
			);
			name = LaunchScreen.storyboard;
			sourceTree = "<group>";
		};
/* End PBXVariantGroup section */

/* Begin XCBuildConfiguration section */
		8131B5D621758D060005F952 /* Debug */ = {
			isa = XCBuildConfiguration;
			buildSettings = {
				ALWAYS_SEARCH_USER_PATHS = NO;
				CLANG_ANALYZER_NONNULL = YES;
				CLANG_ANALYZER_NUMBER_OBJECT_CONVERSION = YES_AGGRESSIVE;
				CLANG_CXX_LANGUAGE_STANDARD = "gnu++14";
				CLANG_CXX_LIBRARY = "libc++";
				CLANG_ENABLE_MODULES = YES;
				CLANG_ENABLE_OBJC_ARC = YES;
				CLANG_ENABLE_OBJC_WEAK = YES;
				CLANG_WARN_BLOCK_CAPTURE_AUTORELEASING = YES;
				CLANG_WARN_BOOL_CONVERSION = YES;
				CLANG_WARN_COMMA = YES;
				CLANG_WARN_CONSTANT_CONVERSION = YES;
				CLANG_WARN_DEPRECATED_OBJC_IMPLEMENTATIONS = YES;
				CLANG_WARN_DIRECT_OBJC_ISA_USAGE = YES_ERROR;
				CLANG_WARN_DOCUMENTATION_COMMENTS = YES;
				CLANG_WARN_EMPTY_BODY = YES;
				CLANG_WARN_ENUM_CONVERSION = YES;
				CLANG_WARN_INFINITE_RECURSION = YES;
				CLANG_WARN_INT_CONVERSION = YES;
				CLANG_WARN_NON_LITERAL_NULL_CONVERSION = YES;
				CLANG_WARN_OBJC_IMPLICIT_RETAIN_SELF = YES;
				CLANG_WARN_OBJC_LITERAL_CONVERSION = YES;
				CLANG_WARN_OBJC_ROOT_CLASS = YES_ERROR;
				CLANG_WARN_RANGE_LOOP_ANALYSIS = YES;
				CLANG_WARN_STRICT_PROTOTYPES = YES;
				CLANG_WARN_SUSPICIOUS_MOVE = YES;
				CLANG_WARN_UNGUARDED_AVAILABILITY = YES_AGGRESSIVE;
				CLANG_WARN_UNREACHABLE_CODE = YES;
				CLANG_WARN__DUPLICATE_METHOD_MATCH = YES;
				CODE_SIGN_IDENTITY = "iPhone Developer";
				COPY_PHASE_STRIP = NO;
				DEBUG_INFORMATION_FORMAT = dwarf;
				ENABLE_STRICT_OBJC_MSGSEND = YES;
				ENABLE_TESTABILITY = YES;
				GCC_C_LANGUAGE_STANDARD = gnu11;
				GCC_DYNAMIC_NO_PIC = NO;
				GCC_NO_COMMON_BLOCKS = YES;
				GCC_OPTIMIZATION_LEVEL = 0;
				GCC_PREPROCESSOR_DEFINITIONS = (
					"DEBUG=1",
					"$(inherited)",
				);
				GCC_WARN_64_TO_32_BIT_CONVERSION = YES;
				GCC_WARN_ABOUT_RETURN_TYPE = YES_ERROR;
				GCC_WARN_UNDECLARED_SELECTOR = YES;
				GCC_WARN_UNINITIALIZED_AUTOS = YES_AGGRESSIVE;
				GCC_WARN_UNUSED_FUNCTION = YES;
				GCC_WARN_UNUSED_VARIABLE = YES;
				IPHONEOS_DEPLOYMENT_TARGET = 12.0;
				MTL_ENABLE_DEBUG_INFO = INCLUDE_SOURCE;
				MTL_FAST_MATH = YES;
				ONLY_ACTIVE_ARCH = YES;
				SDKROOT = iphoneos;
			};
			name = Debug;
		};
		8131B5D721758D060005F952 /* Release */ = {
			isa = XCBuildConfiguration;
			buildSettings = {
				ALWAYS_SEARCH_USER_PATHS = NO;
				CLANG_ANALYZER_NONNULL = YES;
				CLANG_ANALYZER_NUMBER_OBJECT_CONVERSION = YES_AGGRESSIVE;
				CLANG_CXX_LANGUAGE_STANDARD = "gnu++14";
				CLANG_CXX_LIBRARY = "libc++";
				CLANG_ENABLE_MODULES = YES;
				CLANG_ENABLE_OBJC_ARC = YES;
				CLANG_ENABLE_OBJC_WEAK = YES;
				CLANG_WARN_BLOCK_CAPTURE_AUTORELEASING = YES;
				CLANG_WARN_BOOL_CONVERSION = YES;
				CLANG_WARN_COMMA = YES;
				CLANG_WARN_CONSTANT_CONVERSION = YES;
				CLANG_WARN_DEPRECATED_OBJC_IMPLEMENTATIONS = YES;
				CLANG_WARN_DIRECT_OBJC_ISA_USAGE = YES_ERROR;
				CLANG_WARN_DOCUMENTATION_COMMENTS = YES;
				CLANG_WARN_EMPTY_BODY = YES;
				CLANG_WARN_ENUM_CONVERSION = YES;
				CLANG_WARN_INFINITE_RECURSION = YES;
				CLANG_WARN_INT_CONVERSION = YES;
				CLANG_WARN_NON_LITERAL_NULL_CONVERSION = YES;
				CLANG_WARN_OBJC_IMPLICIT_RETAIN_SELF = YES;
				CLANG_WARN_OBJC_LITERAL_CONVERSION = YES;
				CLANG_WARN_OBJC_ROOT_CLASS = YES_ERROR;
				CLANG_WARN_RANGE_LOOP_ANALYSIS = YES;
				CLANG_WARN_STRICT_PROTOTYPES = YES;
				CLANG_WARN_SUSPICIOUS_MOVE = YES;
				CLANG_WARN_UNGUARDED_AVAILABILITY = YES_AGGRESSIVE;
				CLANG_WARN_UNREACHABLE_CODE = YES;
				CLANG_WARN__DUPLICATE_METHOD_MATCH = YES;
				CODE_SIGN_IDENTITY = "iPhone Developer";
				COPY_PHASE_STRIP = NO;
				DEBUG_INFORMATION_FORMAT = "dwarf-with-dsym";
				ENABLE_NS_ASSERTIONS = NO;
				ENABLE_STRICT_OBJC_MSGSEND = YES;
				GCC_C_LANGUAGE_STANDARD = gnu11;
				GCC_NO_COMMON_BLOCKS = YES;
				GCC_WARN_64_TO_32_BIT_CONVERSION = YES;
				GCC_WARN_ABOUT_RETURN_TYPE = YES_ERROR;
				GCC_WARN_UNDECLARED_SELECTOR = YES;
				GCC_WARN_UNINITIALIZED_AUTOS = YES_AGGRESSIVE;
				GCC_WARN_UNUSED_FUNCTION = YES;
				GCC_WARN_UNUSED_VARIABLE = YES;
				IPHONEOS_DEPLOYMENT_TARGET = 12.0;
				MTL_ENABLE_DEBUG_INFO = NO;
				MTL_FAST_MATH = YES;
				SDKROOT = iphoneos;
				VALIDATE_PRODUCT = YES;
			};
			name = Release;
		};
		8131B5D921758D060005F952 /* Debug */ = {
			isa = XCBuildConfiguration;
			buildSettings = {
				ASSETCATALOG_COMPILER_APPICON_NAME = AppIcon;
				CODE_SIGN_STYLE = Automatic;
				DEVELOPMENT_TEAM = 33MH2NXVG4;
				INFOPLIST_FILE = 2DFloorPlan/Info.plist;
				LD_RUNPATH_SEARCH_PATHS = (
					"$(inherited)",
					"@executable_path/Frameworks",
				);
				PRODUCT_BUNDLE_IDENTIFIER = "hcf.-DFloorPlan";
				PRODUCT_NAME = "$(TARGET_NAME)";
				TARGETED_DEVICE_FAMILY = "1,2";
			};
			name = Debug;
		};
		8131B5DA21758D060005F952 /* Release */ = {
			isa = XCBuildConfiguration;
			buildSettings = {
				ASSETCATALOG_COMPILER_APPICON_NAME = AppIcon;
				CODE_SIGN_STYLE = Automatic;
				DEVELOPMENT_TEAM = 33MH2NXVG4;
				INFOPLIST_FILE = 2DFloorPlan/Info.plist;
				LD_RUNPATH_SEARCH_PATHS = (
					"$(inherited)",
					"@executable_path/Frameworks",
				);
				PRODUCT_BUNDLE_IDENTIFIER = "hcf.-DFloorPlan";
				PRODUCT_NAME = "$(TARGET_NAME)";
				TARGETED_DEVICE_FAMILY = "1,2";
			};
			name = Release;
		};
/* End XCBuildConfiguration section */

/* Begin XCConfigurationList section */
		8131B5BD21758D040005F952 /* Build configuration list for PBXProject "2DFloorPlan" */ = {
			isa = XCConfigurationList;
			buildConfigurations = (
				8131B5D621758D060005F952 /* Debug */,
				8131B5D721758D060005F952 /* Release */,
			);
			defaultConfigurationIsVisible = 0;
			defaultConfigurationName = Release;
		};
		8131B5D821758D060005F952 /* Build configuration list for PBXNativeTarget "2DFloorPlan" */ = {
			isa = XCConfigurationList;
			buildConfigurations = (
				8131B5D921758D060005F952 /* Debug */,
				8131B5DA21758D060005F952 /* Release */,
			);
			defaultConfigurationIsVisible = 0;
			defaultConfigurationName = Release;
		};
/* End XCConfigurationList section */
	};
	rootObject = 8131B5BA21758D040005F952 /* Project object */;
}
